
Microsoft Visual Studio Solution File, Format Version 12.00
# Visual Studio Version 17
VisualStudioVersion = 17.7.34031.279
MinimumVisualStudioVersion = 10.0.40219.1
Project("{FAE04EC0-301F-11D3-BF4B-00C04F79EFBC}") = "AspNetCoreEmpity", "AspNetCoreEmpity\AspNetCoreEmpity.csproj", "{C432E276-A20E-4E19-983F-E2B990E99D0E}"
EndProject
Global
	GlobalSection(SolutionConfigurationPlatforms) = preSolution
		Debug|Any CPU = Debug|Any CPU
		Release|Any CPU = Release|Any CPU
	EndGlobalSection
	GlobalSection(ProjectConfigurationPlatforms) = postSolution
		{C432E276-A20E-4E19-983F-E2B990E99D0E}.Debug|Any CPU.ActiveCfg = Debug|Any CPU
		{C432E276-A20E-4E19-983F-E2B990E99D0E}.Debug|Any CPU.Build.0 = Debug|Any CPU
		{C432E276-A20E-4E19-983F-E2B990E99D0E}.Release|Any CPU.ActiveCfg = Release|Any CPU
		{C432E276-A20E-4E19-983F-E2B990E99D0E}.Release|Any CPU.Build.0 = Release|Any CPU
	EndGlobalSection
	GlobalSection(SolutionProperties) = preSolution
		HideSolutionNode = FALSE
	EndGlobalSection
	GlobalSection(ExtensibilityGlobals) = postSolution
		SolutionGuid = {2DC352BD-3B57-4695-A8FF-E9F2A43F4F56}
	EndGlobalSection
EndGlobal
